// !$*UTF8*$!
{
	archiveVersion = 1;
	classes = {
	};
	objectVersion = 55;
	objects = {

/* Begin PBXBuildFile section */
		5204E2CF28CE728800085530 /* WeatherApp.swift in Sources */ = {isa = PBXBuildFile; fileRef = 5204E2CE28CE728800085530 /* WeatherApp.swift */; };
		5204E2D128CE728800085530 /* ContentView.swift in Sources */ = {isa = PBXBuildFile; fileRef = 5204E2D028CE728800085530 /* ContentView.swift */; };
		5204E2D328CE728800085530 /* Assets.xcassets in Resources */ = {isa = PBXBuildFile; fileRef = 5204E2D228CE728800085530 /* Assets.xcassets */; };
		5204E2D628CE728800085530 /* Preview Assets.xcassets in Resources */ = {isa = PBXBuildFile; fileRef = 5204E2D528CE728800085530 /* Preview Assets.xcassets */; };
		5204E2DE28CE72DC00085530 /* LocationService.swift in Sources */ = {isa = PBXBuildFile; fileRef = 5204E2DD28CE72DC00085530 /* LocationService.swift */; };
		5204E2E128CE742600085530 /* WelcomeView.swift in Sources */ = {isa = PBXBuildFile; fileRef = 5204E2E028CE742600085530 /* WelcomeView.swift */; };
		5204E2E328CE759B00085530 /* LoadingView.swift in Sources */ = {isa = PBXBuildFile; fileRef = 5204E2E228CE759B00085530 /* LoadingView.swift */; };
		52FA850F28CE81DC00454B1D /* WeatherService.swift in Sources */ = {isa = PBXBuildFile; fileRef = 52FA850E28CE81DC00454B1D /* WeatherService.swift */; };
		52FA851128CE897200454B1D /* WeatherView.swift in Sources */ = {isa = PBXBuildFile; fileRef = 52FA851028CE897200454B1D /* WeatherView.swift */; };
		52FA851328CE89BE00454B1D /* ModelData.swift in Sources */ = {isa = PBXBuildFile; fileRef = 52FA851228CE89BE00454B1D /* ModelData.swift */; };
		52FA851528CE8A1F00454B1D /* weatherData.json in Resources */ = {isa = PBXBuildFile; fileRef = 52FA851428CE8A1F00454B1D /* weatherData.json */; };
		52FA851728CE8B0C00454B1D /* Extensions.swift in Sources */ = {isa = PBXBuildFile; fileRef = 52FA851628CE8B0C00454B1D /* Extensions.swift */; };
		52FA851A28CE902800454B1D /* WeatherRow.swift in Sources */ = {isa = PBXBuildFile; fileRef = 52FA851928CE902800454B1D /* WeatherRow.swift */; };
/* End PBXBuildFile section */

/* Begin PBXFileReference section */
		5204E2CB28CE728800085530 /* Weather.app */ = {isa = PBXFileReference; explicitFileType = wrapper.application; includeInIndex = 0; path = Weather.app; sourceTree = BUILT_PRODUCTS_DIR; };
		5204E2CE28CE728800085530 /* WeatherApp.swift */ = {isa = PBXFileReference; lastKnownFileType = sourcecode.swift; path = WeatherApp.swift; sourceTree = "<group>"; };
		5204E2D028CE728800085530 /* ContentView.swift */ = {isa = PBXFileReference; lastKnownFileType = sourcecode.swift; path = ContentView.swift; sourceTree = "<group>"; };
		5204E2D228CE728800085530 /* Assets.xcassets */ = {isa = PBXFileReference; lastKnownFileType = folder.assetcatalog; path = Assets.xcassets; sourceTree = "<group>"; };
		5204E2D528CE728800085530 /* Preview Assets.xcassets */ = {isa = PBXFileReference; lastKnownFileType = folder.assetcatalog; path = "Preview Assets.xcassets"; sourceTree = "<group>"; };
		5204E2DD28CE72DC00085530 /* LocationService.swift */ = {isa = PBXFileReference; lastKnownFileType = sourcecode.swift; path = LocationService.swift; sourceTree = "<group>"; };
		5204E2E028CE742600085530 /* WelcomeView.swift */ = {isa = PBXFileReference; lastKnownFileType = sourcecode.swift; path = WelcomeView.swift; sourceTree = "<group>"; };
		5204E2E228CE759B00085530 /* LoadingView.swift */ = {isa = PBXFileReference; lastKnownFileType = sourcecode.swift; path = LoadingView.swift; sourceTree = "<group>"; };
		52FA850E28CE81DC00454B1D /* WeatherService.swift */ = {isa = PBXFileReference; lastKnownFileType = sourcecode.swift; path = WeatherService.swift; sourceTree = "<group>"; };
		52FA851028CE897200454B1D /* WeatherView.swift */ = {isa = PBXFileReference; lastKnownFileType = sourcecode.swift; path = WeatherView.swift; sourceTree = "<group>"; };
		52FA851228CE89BE00454B1D /* ModelData.swift */ = {isa = PBXFileReference; lastKnownFileType = sourcecode.swift; path = ModelData.swift; sourceTree = "<group>"; };
		52FA851428CE8A1F00454B1D /* weatherData.json */ = {isa = PBXFileReference; lastKnownFileType = text.json; path = weatherData.json; sourceTree = "<group>"; };
		52FA851628CE8B0C00454B1D /* Extensions.swift */ = {isa = PBXFileReference; lastKnownFileType = sourcecode.swift; path = Extensions.swift; sourceTree = "<group>"; };
		52FA851928CE902800454B1D /* WeatherRow.swift */ = {isa = PBXFileReference; lastKnownFileType = sourcecode.swift; path = WeatherRow.swift; sourceTree = "<group>"; };
/* End PBXFileReference section */

/* Begin PBXFrameworksBuildPhase section */
		5204E2C828CE728800085530 /* Frameworks */ = {
			isa = PBXFrameworksBuildPhase;
			buildActionMask = 2147483647;
			files = (
			);
			runOnlyForDeploymentPostprocessing = 0;
		};
/* End PBXFrameworksBuildPhase section */

/* Begin PBXGroup section */
		5204E2C228CE728800085530 = {
			isa = PBXGroup;
			children = (
				5204E2CD28CE728800085530 /* Weather */,
				5204E2CC28CE728800085530 /* Products */,
			);
			sourceTree = "<group>";
		};
		5204E2CC28CE728800085530 /* Products */ = {
			isa = PBXGroup;
			children = (
				5204E2CB28CE728800085530 /* Weather.app */,
			);
			name = Products;
			sourceTree = "<group>";
		};
		5204E2CD28CE728800085530 /* Weather */ = {
			isa = PBXGroup;
			children = (
				52FA851828CE901B00454B1D /* Components */,
				5204E2DF28CE73E800085530 /* Views */,
				5204E2DC28CE72CA00085530 /* Services */,
				5204E2CE28CE728800085530 /* WeatherApp.swift */,
				52FA851628CE8B0C00454B1D /* Extensions.swift */,
				5204E2D228CE728800085530 /* Assets.xcassets */,
				5204E2D428CE728800085530 /* Preview Content */,
			);
			path = Weather;
			sourceTree = "<group>";
		};
		5204E2D428CE728800085530 /* Preview Content */ = {
			isa = PBXGroup;
			children = (
				5204E2D528CE728800085530 /* Preview Assets.xcassets */,
				52FA851228CE89BE00454B1D /* ModelData.swift */,
				52FA851428CE8A1F00454B1D /* weatherData.json */,
			);
			path = "Preview Content";
			sourceTree = "<group>";
		};
		5204E2DC28CE72CA00085530 /* Services */ = {
			isa = PBXGroup;
			children = (
				5204E2DD28CE72DC00085530 /* LocationService.swift */,
				52FA850E28CE81DC00454B1D /* WeatherService.swift */,
			);
			path = Services;
			sourceTree = "<group>";
		};
		5204E2DF28CE73E800085530 /* Views */ = {
			isa = PBXGroup;
			children = (
				5204E2D028CE728800085530 /* ContentView.swift */,
				5204E2E228CE759B00085530 /* LoadingView.swift */,
				5204E2E028CE742600085530 /* WelcomeView.swift */,
				52FA851028CE897200454B1D /* WeatherView.swift */,
			);
			path = Views;
			sourceTree = "<group>";
		};
		52FA851828CE901B00454B1D /* Components */ = {
			isa = PBXGroup;
			children = (
				52FA851928CE902800454B1D /* WeatherRow.swift */,
			);
			path = Components;
			sourceTree = "<group>";
		};
/* End PBXGroup section */

/* Begin PBXNativeTarget section */
		5204E2CA28CE728800085530 /* Weather */ = {
			isa = PBXNativeTarget;
			buildConfigurationList = 5204E2D928CE728800085530 /* Build configuration list for PBXNativeTarget "Weather" */;
			buildPhases = (
				5204E2C728CE728800085530 /* Sources */,
				5204E2C828CE728800085530 /* Frameworks */,
				5204E2C928CE728800085530 /* Resources */,
			);
			buildRules = (
			);
			dependencies = (
			);
			name = Weather;
			productName = Weather;
			productReference = 5204E2CB28CE728800085530 /* Weather.app */;
			productType = "com.apple.product-type.application";
		};
/* End PBXNativeTarget section */

/* Begin PBXProject section */
		5204E2C328CE728800085530 /* Project object */ = {
			isa = PBXProject;
			attributes = {
				BuildIndependentTargetsInParallel = 1;
				LastSwiftUpdateCheck = 1340;
				LastUpgradeCheck = 1340;
				TargetAttributes = {
					5204E2CA28CE728800085530 = {
						CreatedOnToolsVersion = 13.4;
					};
				};
			};
			buildConfigurationList = 5204E2C628CE728800085530 /* Build configuration list for PBXProject "Weather" */;
			compatibilityVersion = "Xcode 13.0";
			developmentRegion = en;
			hasScannedForEncodings = 0;
			knownRegions = (
				en,
				Base,
			);
			mainGroup = 5204E2C228CE728800085530;
			productRefGroup = 5204E2CC28CE728800085530 /* Products */;
			projectDirPath = "";
			projectRoot = "";
			targets = (
				5204E2CA28CE728800085530 /* Weather */,
			);
		};
/* End PBXProject section */

/* Begin PBXResourcesBuildPhase section */
		5204E2C928CE728800085530 /* Resources */ = {
			isa = PBXResourcesBuildPhase;
			buildActionMask = 2147483647;
			files = (
				5204E2D628CE728800085530 /* Preview Assets.xcassets in Resources */,
				52FA851528CE8A1F00454B1D /* weatherData.json in Resources */,
				5204E2D328CE728800085530 /* Assets.xcassets in Resources */,
			);
			runOnlyForDeploymentPostprocessing = 0;
		};
/* End PBXResourcesBuildPhase section */

/* Begin PBXSourcesBuildPhase section */
		5204E2C728CE728800085530 /* Sources */ = {
			isa = PBXSourcesBuildPhase;
			buildActionMask = 2147483647;
			files = (
				5204E2D128CE728800085530 /* ContentView.swift in Sources */,
				52FA851728CE8B0C00454B1D /* Extensions.swift in Sources */,
				5204E2DE28CE72DC00085530 /* LocationService.swift in Sources */,
				5204E2CF28CE728800085530 /* WeatherApp.swift in Sources */,
				5204E2E328CE759B00085530 /* LoadingView.swift in Sources */,
				52FA851A28CE902800454B1D /* WeatherRow.swift in Sources */,
				52FA850F28CE81DC00454B1D /* WeatherService.swift in Sources */,
				52FA851328CE89BE00454B1D /* ModelData.swift in Sources */,
				52FA851128CE897200454B1D /* WeatherView.swift in Sources */,
				5204E2E128CE742600085530 /* WelcomeView.swift in Sources */,
			);
			runOnlyForDeploymentPostprocessing = 0;
		};
/* End PBXSourcesBuildPhase section */

/* Begin XCBuildConfiguration section */
		5204E2D728CE728800085530 /* Debug */ = {
			isa = XCBuildConfiguration;
			buildSettings = {
				ALWAYS_SEARCH_USER_PATHS = NO;
				CLANG_ANALYZER_NONNULL = YES;
				CLANG_ANALYZER_NUMBER_OBJECT_CONVERSION = YES_AGGRESSIVE;
				CLANG_CXX_LANGUAGE_STANDARD = "gnu++17";
				CLANG_ENABLE_MODULES = YES;
				CLANG_ENABLE_OBJC_ARC = YES;
				CLANG_ENABLE_OBJC_WEAK = YES;
				CLANG_WARN_BLOCK_CAPTURE_AUTORELEASING = YES;
				CLANG_WARN_BOOL_CONVERSION = YES;
				CLANG_WARN_COMMA = YES;
				CLANG_WARN_CONSTANT_CONVERSION = YES;
				CLANG_WARN_DEPRECATED_OBJC_IMPLEMENTATIONS = YES;
				CLANG_WARN_DIRECT_OBJC_ISA_USAGE = YES_ERROR;
				CLANG_WARN_DOCUMENTATION_COMMENTS = YES;
				CLANG_WARN_EMPTY_BODY = YES;
				CLANG_WARN_ENUM_CONVERSION = YES;
				CLANG_WARN_INFINITE_RECURSION = YES;
				CLANG_WARN_INT_CONVERSION = YES;
				CLANG_WARN_NON_LITERAL_NULL_CONVERSION = YES;
				CLANG_WARN_OBJC_IMPLICIT_RETAIN_SELF = YES;
				CLANG_WARN_OBJC_LITERAL_CONVERSION = YES;
				CLANG_WARN_OBJC_ROOT_CLASS = YES_ERROR;
				CLANG_WARN_QUOTED_INCLUDE_IN_FRAMEWORK_HEADER = YES;
				CLANG_WARN_RANGE_LOOP_ANALYSIS = YES;
				CLANG_WARN_STRICT_PROTOTYPES = YES;
				CLANG_WARN_SUSPICIOUS_MOVE = YES;
				CLANG_WARN_UNGUARDED_AVAILABILITY = YES_AGGRESSIVE;
				CLANG_WARN_UNREACHABLE_CODE = YES;
				CLANG_WARN__DUPLICATE_METHOD_MATCH = YES;
				COPY_PHASE_STRIP = NO;
				DEBUG_INFORMATION_FORMAT = dwarf;
				ENABLE_STRICT_OBJC_MSGSEND = YES;
				ENABLE_TESTABILITY = YES;
				GCC_C_LANGUAGE_STANDARD = gnu11;
				GCC_DYNAMIC_NO_PIC = NO;
				GCC_NO_COMMON_BLOCKS = YES;
				GCC_OPTIMIZATION_LEVEL = 0;
				GCC_PREPROCESSOR_DEFINITIONS = (
					"DEBUG=1",
					"$(inherited)",
				);
				GCC_WARN_64_TO_32_BIT_CONVERSION = YES;
				GCC_WARN_ABOUT_RETURN_TYPE = YES_ERROR;
				GCC_WARN_UNDECLARED_SELECTOR = YES;
				GCC_WARN_UNINITIALIZED_AUTOS = YES_AGGRESSIVE;
				GCC_WARN_UNUSED_FUNCTION = YES;
				GCC_WARN_UNUSED_VARIABLE = YES;
				IPHONEOS_DEPLOYMENT_TARGET = 15.5;
				MTL_ENABLE_DEBUG_INFO = INCLUDE_SOURCE;
				MTL_FAST_MATH = YES;
				ONLY_ACTIVE_ARCH = YES;
				SDKROOT = iphoneos;
				SWIFT_ACTIVE_COMPILATION_CONDITIONS = DEBUG;
				SWIFT_OPTIMIZATION_LEVEL = "-Onone";
			};
			name = Debug;
		};
		5204E2D828CE728800085530 /* Release */ = {
			isa = XCBuildConfiguration;
			buildSettings = {
				ALWAYS_SEARCH_USER_PATHS = NO;
				CLANG_ANALYZER_NONNULL = YES;
				CLANG_ANALYZER_NUMBER_OBJECT_CONVERSION = YES_AGGRESSIVE;
				CLANG_CXX_LANGUAGE_STANDARD = "gnu++17";
				CLANG_ENABLE_MODULES = YES;
				CLANG_ENABLE_OBJC_ARC = YES;
				CLANG_ENABLE_OBJC_WEAK = YES;
				CLANG_WARN_BLOCK_CAPTURE_AUTORELEASING = YES;
				CLANG_WARN_BOOL_CONVERSION = YES;
				CLANG_WARN_COMMA = YES;
				CLANG_WARN_CONSTANT_CONVERSION = YES;
				CLANG_WARN_DEPRECATED_OBJC_IMPLEMENTATIONS = YES;
				CLANG_WARN_DIRECT_OBJC_ISA_USAGE = YES_ERROR;
				CLANG_WARN_DOCUMENTATION_COMMENTS = YES;
				CLANG_WARN_EMPTY_BODY = YES;
				CLANG_WARN_ENUM_CONVERSION = YES;
				CLANG_WARN_INFINITE_RECURSION = YES;
				CLANG_WARN_INT_CONVERSION = YES;
				CLANG_WARN_NON_LITERAL_NULL_CONVERSION = YES;
				CLANG_WARN_OBJC_IMPLICIT_RETAIN_SELF = YES;
				CLANG_WARN_OBJC_LITERAL_CONVERSION = YES;
				CLANG_WARN_OBJC_ROOT_CLASS = YES_ERROR;
				CLANG_WARN_QUOTED_INCLUDE_IN_FRAMEWORK_HEADER = YES;
				CLANG_WARN_RANGE_LOOP_ANALYSIS = YES;
				CLANG_WARN_STRICT_PROTOTYPES = YES;
				CLANG_WARN_SUSPICIOUS_MOVE = YES;
				CLANG_WARN_UNGUARDED_AVAILABILITY = YES_AGGRESSIVE;
				CLANG_WARN_UNREACHABLE_CODE = YES;
				CLANG_WARN__DUPLICATE_METHOD_MATCH = YES;
				COPY_PHASE_STRIP = NO;
				DEBUG_INFORMATION_FORMAT = "dwarf-with-dsym";
				ENABLE_NS_ASSERTIONS = NO;
				ENABLE_STRICT_OBJC_MSGSEND = YES;
				GCC_C_LANGUAGE_STANDARD = gnu11;
				GCC_NO_COMMON_BLOCKS = YES;
				GCC_WARN_64_TO_32_BIT_CONVERSION = YES;
				GCC_WARN_ABOUT_RETURN_TYPE = YES_ERROR;
				GCC_WARN_UNDECLARED_SELECTOR = YES;
				GCC_WARN_UNINITIALIZED_AUTOS = YES_AGGRESSIVE;
				GCC_WARN_UNUSED_FUNCTION = YES;
				GCC_WARN_UNUSED_VARIABLE = YES;
				IPHONEOS_DEPLOYMENT_TARGET = 15.5;
				MTL_ENABLE_DEBUG_INFO = NO;
				MTL_FAST_MATH = YES;
				SDKROOT = iphoneos;
				SWIFT_COMPILATION_MODE = wholemodule;
				SWIFT_OPTIMIZATION_LEVEL = "-O";
				VALIDATE_PRODUCT = YES;
			};
			name = Release;
		};
		5204E2DA28CE728800085530 /* Debug */ = {
			isa = XCBuildConfiguration;
			buildSettings = {
				ASSETCATALOG_COMPILER_APPICON_NAME = AppIcon;
				ASSETCATALOG_COMPILER_GLOBAL_ACCENT_COLOR_NAME = AccentColor;
				CODE_SIGN_STYLE = Automatic;
				CURRENT_PROJECT_VERSION = 1;
				DEVELOPMENT_ASSET_PATHS = "\"Weather/Preview Content\"";
				DEVELOPMENT_TEAM = QZ46JW4C9U;
				ENABLE_PREVIEWS = YES;
				GENERATE_INFOPLIST_FILE = YES;
				INFOPLIST_KEY_UIApplicationSceneManifest_Generation = YES;
				INFOPLIST_KEY_UIApplicationSupportsIndirectInputEvents = YES;
				INFOPLIST_KEY_UILaunchScreen_Generation = YES;
				INFOPLIST_KEY_UISupportedInterfaceOrientations_iPad = "UIInterfaceOrientationPortrait UIInterfaceOrientationPortraitUpsideDown UIInterfaceOrientationLandscapeLeft UIInterfaceOrientationLandscapeRight";
				INFOPLIST_KEY_UISupportedInterfaceOrientations_iPhone = "UIInterfaceOrientationPortrait UIInterfaceOrientationLandscapeLeft UIInterfaceOrientationLandscapeRight";
				LD_RUNPATH_SEARCH_PATHS = (
					"$(inherited)",
					"@executable_path/Frameworks",
				);
				MARKETING_VERSION = 1.0;
				PRODUCT_BUNDLE_IDENTIFIER = mcantop.Weather;
				PRODUCT_NAME = "$(TARGET_NAME)";
				SWIFT_EMIT_LOC_STRINGS = YES;
				SWIFT_VERSION = 5.0;
				TARGETED_DEVICE_FAMILY = "1,2";
			};
			name = Debug;
		};
		5204E2DB28CE728800085530 /* Release */ = {
			isa = XCBuildConfiguration;
			buildSettings = {
				ASSETCATALOG_COMPILER_APPICON_NAME = AppIcon;
				ASSETCATALOG_COMPILER_GLOBAL_ACCENT_COLOR_NAME = AccentColor;
				CODE_SIGN_STYLE = Automatic;
				CURRENT_PROJECT_VERSION = 1;
				DEVELOPMENT_ASSET_PATHS = "\"Weather/Preview Content\"";
				DEVELOPMENT_TEAM = QZ46JW4C9U;
				ENABLE_PREVIEWS = YES;
				GENERATE_INFOPLIST_FILE = YES;
				INFOPLIST_KEY_UIApplicationSceneManifest_Generation = YES;
				INFOPLIST_KEY_UIApplicationSupportsIndirectInputEvents = YES;
				INFOPLIST_KEY_UILaunchScreen_Generation = YES;
				INFOPLIST_KEY_UISupportedInterfaceOrientations_iPad = "UIInterfaceOrientationPortrait UIInterfaceOrientationPortraitUpsideDown UIInterfaceOrientationLandscapeLeft UIInterfaceOrientationLandscapeRight";
				INFOPLIST_KEY_UISupportedInterfaceOrientations_iPhone = "UIInterfaceOrientationPortrait UIInterfaceOrientationLandscapeLeft UIInterfaceOrientationLandscapeRight";
				LD_RUNPATH_SEARCH_PATHS = (
					"$(inherited)",
					"@executable_path/Frameworks",
				);
				MARKETING_VERSION = 1.0;
				PRODUCT_BUNDLE_IDENTIFIER = mcantop.Weather;
				PRODUCT_NAME = "$(TARGET_NAME)";
				SWIFT_EMIT_LOC_STRINGS = YES;
				SWIFT_VERSION = 5.0;
				TARGETED_DEVICE_FAMILY = "1,2";
			};
			name = Release;
		};
/* End XCBuildConfiguration section */

/* Begin XCConfigurationList section */
		5204E2C628CE728800085530 /* Build configuration list for PBXProject "Weather" */ = {
			isa = XCConfigurationList;
			buildConfigurations = (
				5204E2D728CE728800085530 /* Debug */,
				5204E2D828CE728800085530 /* Release */,
			);
			defaultConfigurationIsVisible = 0;
			defaultConfigurationName = Release;
		};
		5204E2D928CE728800085530 /* Build configuration list for PBXNativeTarget "Weather" */ = {
			isa = XCConfigurationList;
			buildConfigurations = (
				5204E2DA28CE728800085530 /* Debug */,
				5204E2DB28CE728800085530 /* Release */,
			);
			defaultConfigurationIsVisible = 0;
			defaultConfigurationName = Release;
		};
/* End XCConfigurationList section */
	};
	rootObject = 5204E2C328CE728800085530 /* Project object */;
}
